
Microsoft Visual Studio Solution File, Format Version 12.00
# Visual Studio Version 17
VisualStudioVersion = 17.6.33815.320
MinimumVisualStudioVersion = 10.0.40219.1
Project("{9A19103F-16F7-4668-BE54-9A1E7A4F7556}") = "OrderManagementAPI", "OrderManagementAPI\OrderManagementAPI.csproj", "{2B751A9A-A80A-4ECC-BCD3-403D9D6B0C2F}"
EndProject
Project("{9A19103F-16F7-4668-BE54-9A1E7A4F7556}") = "OrderManagementDAL", "OrderManagementDAL\OrderManagementDAL.csproj", "{24BF1D80-C6D2-44DF-9836-A16E59797218}"
EndProject
Project("{FAE04EC0-301F-11D3-BF4B-00C04F79EFBC}") = "ConsumerApp", "ConsumerApp\ConsumerApp.csproj", "{B7371A0D-1AF0-42E6-BA1C-69FAB959F95E}"
EndProject
Project("{FAE04EC0-301F-11D3-BF4B-00C04F79EFBC}") = "OrderManagementDALTests", "OrderManagementDALTests\OrderManagementDALTests.csproj", "{63040595-9A63-4FB2-883A-709493DC7F6F}"
EndProject
Global
	GlobalSection(SolutionConfigurationPlatforms) = preSolution
		Debug|Any CPU = Debug|Any CPU
		Release|Any CPU = Release|Any CPU
	EndGlobalSection
	GlobalSection(ProjectConfigurationPlatforms) = postSolution
		{2B751A9A-A80A-4ECC-BCD3-403D9D6B0C2F}.Debug|Any CPU.ActiveCfg = Debug|Any CPU
		{2B751A9A-A80A-4ECC-BCD3-403D9D6B0C2F}.Debug|Any CPU.Build.0 = Debug|Any CPU
		{2B751A9A-A80A-4ECC-BCD3-403D9D6B0C2F}.Release|Any CPU.ActiveCfg = Release|Any CPU
		{2B751A9A-A80A-4ECC-BCD3-403D9D6B0C2F}.Release|Any CPU.Build.0 = Release|Any CPU
		{24BF1D80-C6D2-44DF-9836-A16E59797218}.Debug|Any CPU.ActiveCfg = Debug|Any CPU
		{24BF1D80-C6D2-44DF-9836-A16E59797218}.Debug|Any CPU.Build.0 = Debug|Any CPU
		{24BF1D80-C6D2-44DF-9836-A16E59797218}.Release|Any CPU.ActiveCfg = Release|Any CPU
		{24BF1D80-C6D2-44DF-9836-A16E59797218}.Release|Any CPU.Build.0 = Release|Any CPU
		{B7371A0D-1AF0-42E6-BA1C-69FAB959F95E}.Debug|Any CPU.ActiveCfg = Debug|Any CPU
		{B7371A0D-1AF0-42E6-BA1C-69FAB959F95E}.Debug|Any CPU.Build.0 = Debug|Any CPU
		{B7371A0D-1AF0-42E6-BA1C-69FAB959F95E}.Release|Any CPU.ActiveCfg = Release|Any CPU
		{B7371A0D-1AF0-42E6-BA1C-69FAB959F95E}.Release|Any CPU.Build.0 = Release|Any CPU
		{63040595-9A63-4FB2-883A-709493DC7F6F}.Debug|Any CPU.ActiveCfg = Debug|Any CPU
		{63040595-9A63-4FB2-883A-709493DC7F6F}.Debug|Any CPU.Build.0 = Debug|Any CPU
		{63040595-9A63-4FB2-883A-709493DC7F6F}.Release|Any CPU.ActiveCfg = Release|Any CPU
		{63040595-9A63-4FB2-883A-709493DC7F6F}.Release|Any CPU.Build.0 = Release|Any CPU
	EndGlobalSection
	GlobalSection(SolutionProperties) = preSolution
		HideSolutionNode = FALSE
	EndGlobalSection
	GlobalSection(ExtensibilityGlobals) = postSolution
		SolutionGuid = {0A8DCBBF-4CCD-4110-82AE-475BF3B06796}
	EndGlobalSection
EndGlobal
